
Microsoft Visual Studio Solution File, Format Version 12.00
# Visual Studio Version 17
VisualStudioVersion = 17.11.35208.52
MinimumVisualStudioVersion = 10.0.40219.1
Project("{FAE04EC0-301F-11D3-BF4B-00C04F79EFBC}") = "WpfClient", "WpfClient\WpfClient.csproj", "{33933156-DA27-4623-B291-9E118C1B7CDF}"
EndProject
Global
	GlobalSection(SolutionConfigurationPlatforms) = preSolution
		Debug|Any CPU = Debug|Any CPU
		Release|Any CPU = Release|Any CPU
	EndGlobalSection
	GlobalSection(ProjectConfigurationPlatforms) = postSolution
		{33933156-DA27-4623-B291-9E118C1B7CDF}.Debug|Any CPU.ActiveCfg = Debug|Any CPU
		{33933156-DA27-4623-B291-9E118C1B7CDF}.Debug|Any CPU.Build.0 = Debug|Any CPU
		{33933156-DA27-4623-B291-9E118C1B7CDF}.Release|Any CPU.ActiveCfg = Release|Any CPU
		{33933156-DA27-4623-B291-9E118C1B7CDF}.Release|Any CPU.Build.0 = Release|Any CPU
	EndGlobalSection
	GlobalSection(SolutionProperties) = preSolution
		HideSolutionNode = FALSE
	EndGlobalSection
	GlobalSection(ExtensibilityGlobals) = postSolution
		SolutionGuid = {75D4C56A-8548-413C-B2B8-C21CEA98DD5B}
	EndGlobalSection
EndGlobal
